{
    "_readme": [
        "This file locks the dependencies of your project to a known state",
        "Read more about it at http://getcomposer.org/doc/01-basic-usage.md#composer-lock-the-lock-file",
        "This file is @generated automatically"
    ],
    "hash": "e0bbf74b86667b0fa62ad5d0656b6e0f",
    "packages": [
        {
            "name": "bower-asset/jquery",
            "version": "2.1.3",
            "source": {
                "type": "git",
                "url": "https://github.com/jquery/jquery.git",
                "reference": "8f2a9d9272d6ed7f32d3a484740ab342c02541e0"
            },
            "dist": {
                "type": "zip",
                "url": "https://api.github.com/repos/jquery/jquery/zipball/8f2a9d9272d6ed7f32d3a484740ab342c02541e0",
                "reference": "8f2a9d9272d6ed7f32d3a484740ab342c02541e0",
                "shasum": ""
            },
            "require-dev": {
                "bower-asset/qunit": "1.14.0",
                "bower-asset/requirejs": "2.1.10",
                "bower-asset/sinon": "1.8.1",
                "bower-asset/sizzle": "2.1.1-patch2"
            },
            "type": "bower-asset-library",
            "extra": {
                "bower-asset-main": "dist/jquery.js",
                "bower-asset-ignore": [
                    "**/.*",
                    "build",
                    "speed",
                    "test",
                    "*.md",
                    "AUTHORS.txt",
                    "Gruntfile.js",
                    "package.json"
                ]
            },
            "license": [
                "MIT"
            ],
            "keywords": [
                "javascript",
                "jquery",
                "library"
            ]
        },
        {
            "name": "bower-asset/jquery.inputmask",
            "version": "3.1.57",
            "source": {
                "type": "git",
                "url": "https://github.com/RobinHerbots/jquery.inputmask.git",
                "reference": "d180082aa1ba98c85f85b2c4eebbfa195fd25613"
            },
            "dist": {
                "type": "zip",
                "url": "https://api.github.com/repos/RobinHerbots/jquery.inputmask/zipball/d180082aa1ba98c85f85b2c4eebbfa195fd25613",
                "reference": "d180082aa1ba98c85f85b2c4eebbfa195fd25613",
                "shasum": ""
            },
            "require": {
                "bower-asset/jquery": ">=1.7"
            },
            "type": "bower-asset-library",
            "extra": {
                "bower-asset-main": [
                    "./dist/inputmask/jquery.inputmask.js",
                    "./dist/inputmask/jquery.inputmask.extensions.js",
                    "./dist/inputmask/jquery.inputmask.date.extensions.js",
                    "./dist/inputmask/jquery.inputmask.numeric.extensions.js",
                    "./dist/inputmask/jquery.inputmask.phone.extensions.js",
                    "./dist/inputmask/jquery.inputmask.regex.extensions.js"
                ],
                "bower-asset-ignore": [
                    "**/.*",
                    "qunit/",
                    "nuget/",
                    "tools/",
                    "js/",
                    "*.md",
                    "build.properties",
                    "build.xml",
                    "jquery.inputmask.jquery.json"
                ]
            },
            "license": [
                "http://opensource.org/licenses/mit-license.php"
            ],
            "description": "jquery.inputmask is a jquery plugin which create an input mask.",
            "keywords": [
                "form",
                "input",
                "inputmask",
                "jQuery",
                "mask",
                "plugins"
            ]
        },
        {
            "name": "bower-asset/punycode",
            "version": "v1.3.2",
            "source": {
                "type": "git",
                "url": "https://github.com/bestiejs/punycode.js.git",
                "reference": "38c8d3131a82567bfef18da09f7f4db68c84f8a3"
            },
            "dist": {
                "type": "zip",
                "url": "https://api.github.com/repos/bestiejs/punycode.js/zipball/38c8d3131a82567bfef18da09f7f4db68c84f8a3",
                "reference": "38c8d3131a82567bfef18da09f7f4db68c84f8a3",
                "shasum": ""
            },
            "type": "bower-asset-library",
            "extra": {
                "bower-asset-main": "punycode.js",
                "bower-asset-ignore": [
                    "coverage",
                    "tests",
                    ".*",
                    "component.json",
                    "Gruntfile.js",
                    "node_modules",
                    "package.json"
                ]
            }
        },
        {
            "name": "bower-asset/yii2-pjax",
            "version": "v2.0.2",
            "source": {
                "type": "git",
                "url": "https://github.com/yiisoft/jquery-pjax.git",
                "reference": "fb92be865c0fd6583714475cb7d629020749d73f"
            },
            "dist": {
                "type": "zip",
                "url": "https://api.github.com/repos/yiisoft/jquery-pjax/zipball/fb92be865c0fd6583714475cb7d629020749d73f",
                "reference": "fb92be865c0fd6583714475cb7d629020749d73f",
                "shasum": ""
            },
            "require": {
                "bower-asset/jquery": ">=1.8"
            },
            "type": "bower-asset-library",
            "extra": {
                "bower-asset-main": "./jquery.pjax.js",
                "bower-asset-ignore": [
                    ".travis.yml",
                    "Gemfile",
                    "Gemfile.lock",
                    "vendor/",
                    "script/",
                    "test/"
                ]
            }
        },
        {
            "name": "cebe/markdown",
            "version": "1.0.1",
            "source": {
                "type": "git",
                "url": "https://github.com/cebe/markdown.git",
                "reference": "9d6c36d6623497523ed421a31d940bc1d7435578"
            },
            "dist": {
                "type": "zip",
                "url": "https://api.github.com/repos/cebe/markdown/zipball/9d6c36d6623497523ed421a31d940bc1d7435578",
                "reference": "9d6c36d6623497523ed421a31d940bc1d7435578",
                "shasum": ""
            },
            "require": {
                "lib-pcre": "*",
                "php": ">=5.4.0"
            },
            "require-dev": {
                "cebe/indent": "*",
                "facebook/xhprof": "*@dev",
                "phpunit/phpunit": "3.7.*"
            },
            "bin": [
                "bin/markdown"
            ],
            "type": "library",
            "extra": {
                "branch-alias": {
                    "dev-master": "1.0.x-dev"
                }
            },
            "autoload": {
                "psr-4": {
                    "cebe\\markdown\\": ""
                }
            },
            "notification-url": "https://packagist.org/downloads/",
            "license": [
                "MIT"
            ],
            "authors": [
                {
                    "name": "Carsten Brandt",
                    "email": "mail@cebe.cc",
                    "homepage": "http://cebe.cc/",
                    "role": "Creator"
                }
            ],
            "description": "A super fast, highly extensible markdown parser for PHP",
            "homepage": "https://github.com/cebe/markdown#readme",
            "keywords": [
                "extensible",
                "fast",
                "gfm",
                "markdown",
                "markdown-extra"
            ],
            "time": "2014-10-25 16:16:49"
        },
        {
            "name": "ezyang/htmlpurifier",
            "version": "v4.6.0",
            "source": {
                "type": "git",
                "url": "https://github.com/ezyang/htmlpurifier.git",
                "reference": "6f389f0f25b90d0b495308efcfa073981177f0fd"
            },
            "dist": {
                "type": "zip",
                "url": "https://api.github.com/repos/ezyang/htmlpurifier/zipball/6f389f0f25b90d0b495308efcfa073981177f0fd",
                "reference": "6f389f0f25b90d0b495308efcfa073981177f0fd",
                "shasum": ""
            },
            "require": {
                "php": ">=5.2"
            },
            "type": "library",
            "autoload": {
                "psr-0": {
                    "HTMLPurifier": "library/"
                },
                "files": [
                    "library/HTMLPurifier.composer.php"
                ]
            },
            "notification-url": "https://packagist.org/downloads/",
            "license": [
                "LGPL"
            ],
            "authors": [
                {
                    "name": "Edward Z. Yang",
                    "email": "admin@htmlpurifier.org",
                    "homepage": "http://ezyang.com",
                    "role": "Developer"
                }
            ],
            "description": "Standards compliant HTML filter written in PHP",
            "homepage": "http://htmlpurifier.org/",
            "keywords": [
                "html"
            ],
            "time": "2013-11-30 08:25:19"
        },
        {
            "name": "league/flysystem",
            "version": "0.5.12",
            "source": {
                "type": "git",
                "url": "https://github.com/thephpleague/flysystem.git",
                "reference": "e046fe60d761e30691c642c9cc6a4089f724e805"
            },
            "dist": {
                "type": "zip",
                "url": "https://api.github.com/repos/thephpleague/flysystem/zipball/e046fe60d761e30691c642c9cc6a4089f724e805",
                "reference": "e046fe60d761e30691c642c9cc6a4089f724e805",
                "shasum": ""
            },
            "require": {
                "php": ">=5.4.0"
            },
            "require-dev": {
                "aws/aws-sdk-php": "~2.4",
                "barracuda/copy": "~1.1.4",
                "dropbox/dropbox-sdk": "~1.1.1",
                "ext-fileinfo": "*",
                "guzzlehttp/guzzle": "~4.0",
                "league/event": "~1.0",
                "league/phpunit-coverage-listener": "~1.1",
                "mockery/mockery": "~0.9",
                "phpseclib/phpseclib": "~0.3.5",
                "phpspec/phpspec": "~2.0",
                "phpunit/phpunit": "~4.0",
                "predis/predis": "~1.0",
                "rackspace/php-opencloud": "~1.10.0",
                "sabre/dav": "~2.0.2",
                "tedivm/stash": "~0.12.0"
            },
            "suggest": {
                "aws/aws-sdk-php": "Allows you to use AWS S3 storage",
                "barracuda/copy": "Allows you to use Copy.com storage",
                "dropbox/dropbox-sdk": "Allows you to use Dropbox storage",
                "ext-fileinfo": "Required for MimeType",
                "guzzlehttp/guzzle": "Allows you to use http files (reading only)",
                "league/event": "Required for EventableFilesystem",
                "phpseclib/phpseclib": "Allows SFTP server storage",
                "predis/predis": "Allows you to use Predis for caching",
                "rackspace/php-opencloud": "Allows you to use Rackspace Cloud Files",
                "sabre/dav": "Enables WebDav support",
                "tedivm/stash": "Allows you to use Stash as cache implementation"
            },
            "type": "library",
            "extra": {
                "branch-alias": {
                    "dev-master": "0.5-dev"
                }
            },
            "autoload": {
                "psr-4": {
                    "League\\Flysystem\\": "src/"
                }
            },
            "notification-url": "https://packagist.org/downloads/",
            "license": [
                "MIT"
            ],
            "authors": [
                {
                    "name": "Frank de Jonge",
                    "email": "info@frenky.net"
                }
            ],
            "description": "Many filesystems, one API.",
            "keywords": [
                "Cloud Files",
                "WebDAV",
                "aws",
                "cloud",
                "copy.com",
                "dropbox",
                "file systems",
                "files",
                "filesystem",
                "ftp",
                "rackspace",
                "remote",
                "s3",
                "sftp",
                "storage"
            ],
            "time": "2014-11-05 13:39:29"
        },
        {
            "name": "yiisoft/yii2",
            "version": "2.0.2",
            "source": {
                "type": "git",
                "url": "https://github.com/yiisoft/yii2-framework.git",
                "reference": "a0bb60febe1e886d7c45ab3a70e17a3b3149f1a3"
            },
            "dist": {
                "type": "zip",
                "url": "https://api.github.com/repos/yiisoft/yii2-framework/zipball/a0bb60febe1e886d7c45ab3a70e17a3b3149f1a3",
                "reference": "a0bb60febe1e886d7c45ab3a70e17a3b3149f1a3",
                "shasum": ""
            },
            "require": {
                "bower-asset/jquery": "2.1.*@stable | 1.11.*@stable",
                "bower-asset/jquery.inputmask": "3.1.*",
                "bower-asset/punycode": "1.3.*",
                "bower-asset/yii2-pjax": ">=2.0.1",
                "cebe/markdown": "~1.0.0",
                "ext-mbstring": "*",
                "ext-mcrypt": "*",
                "ezyang/htmlpurifier": "4.6.*",
                "lib-pcre": "*",
                "php": ">=5.4.0",
                "yiisoft/yii2-composer": "*"
            },
            "bin": [
                "yii"
            ],
            "type": "library",
            "extra": {
                "branch-alias": {
                    "dev-master": "2.0.x-dev"
                }
            },
            "autoload": {
                "psr-4": {
                    "yii\\": ""
                }
            },
            "notification-url": "https://packagist.org/downloads/",
            "license": [
                "BSD-3-Clause"
            ],
            "authors": [
                {
                    "name": "Qiang Xue",
                    "email": "qiang.xue@gmail.com",
                    "homepage": "http://www.yiiframework.com/",
                    "role": "Founder and project lead"
                },
                {
                    "name": "Alexander Makarov",
                    "email": "sam@rmcreative.ru",
                    "homepage": "http://rmcreative.ru/",
                    "role": "Core framework development"
                },
                {
                    "name": "Maurizio Domba",
                    "homepage": "http://mdomba.info/",
                    "role": "Core framework development"
                },
                {
                    "name": "Carsten Brandt",
                    "email": "mail@cebe.cc",
                    "homepage": "http://cebe.cc/",
                    "role": "Core framework development"
                },
                {
                    "name": "Timur Ruziev",
                    "email": "resurtm@gmail.com",
                    "homepage": "http://resurtm.com/",
                    "role": "Core framework development"
                },
                {
                    "name": "Paul Klimov",
                    "email": "klimov.paul@gmail.com",
                    "role": "Core framework development"
                }
            ],
            "description": "Yii PHP Framework Version 2",
            "homepage": "http://www.yiiframework.com/",
            "keywords": [
                "framework",
                "yii2"
            ],
            "time": "2015-01-11 03:57:55"
        },
        {
            "name": "yiisoft/yii2-composer",
            "version": "2.0.2",
            "source": {
                "type": "git",
                "url": "https://github.com/yiisoft/yii2-composer.git",
                "reference": "e0f95611402ad0e8e66f9764dddb6bac624b75c2"
            },
            "dist": {
                "type": "zip",
                "url": "https://api.github.com/repos/yiisoft/yii2-composer/zipball/e0f95611402ad0e8e66f9764dddb6bac624b75c2",
                "reference": "e0f95611402ad0e8e66f9764dddb6bac624b75c2",
                "shasum": ""
            },
            "require": {
                "composer-plugin-api": "1.0.0"
            },
            "type": "composer-plugin",
            "extra": {
                "class": "yii\\composer\\Plugin",
                "branch-alias": {
                    "dev-master": "2.0.x-dev"
                }
            },
            "autoload": {
                "psr-4": {
                    "yii\\composer\\": ""
                }
            },
            "notification-url": "https://packagist.org/downloads/",
            "license": [
                "BSD-3-Clause"
            ],
            "authors": [
                {
                    "name": "Qiang Xue",
                    "email": "qiang.xue@gmail.com"
                }
            ],
            "description": "The composer plugin for Yii extension installer",
            "keywords": [
                "composer",
                "extension installer",
                "yii2"
            ],
            "time": "2015-01-11 03:57:55"
        }
    ],
    "packages-dev": [
        {
            "name": "aws/aws-sdk-php",
            "version": "2.7.15",
            "source": {
                "type": "git",
                "url": "https://github.com/aws/aws-sdk-php.git",
                "reference": "7dd429f8916eb384fcaf43c6510c519eaf3b900e"
            },
            "dist": {
                "type": "zip",
                "url": "https://api.github.com/repos/aws/aws-sdk-php/zipball/7dd429f8916eb384fcaf43c6510c519eaf3b900e",
                "reference": "7dd429f8916eb384fcaf43c6510c519eaf3b900e",
                "shasum": ""
            },
            "require": {
                "guzzle/guzzle": "~3.7",
                "php": ">=5.3.3"
            },
            "require-dev": {
                "doctrine/cache": "~1.0",
                "ext-openssl": "*",
                "monolog/monolog": "~1.4",
                "phpunit/phpunit": "~4.0",
                "symfony/yaml": "~2.1"
            },
            "suggest": {
                "doctrine/cache": "Adds support for caching of credentials and responses",
                "ext-apc": "Allows service description opcode caching, request and response caching, and credentials caching",
                "ext-openssl": "Allows working with CloudFront private distributions and verifying received SNS messages",
                "monolog/monolog": "Adds support for logging HTTP requests and responses",
                "symfony/yaml": "Eases the ability to write manifests for creating jobs in AWS Import/Export"
            },
            "type": "library",
            "extra": {
                "branch-alias": {
                    "dev-master": "2.7-dev"
                }
            },
            "autoload": {
                "psr-0": {
                    "Aws": "src/"
                }
            },
            "notification-url": "https://packagist.org/downloads/",
            "license": [
                "Apache-2.0"
            ],
            "authors": [
                {
                    "name": "Amazon Web Services",
                    "homepage": "http://aws.amazon.com"
                }
            ],
            "description": "AWS SDK for PHP - Use Amazon Web Services in your PHP project",
            "homepage": "http://aws.amazon.com/sdkforphp",
            "keywords": [
                "amazon",
                "aws",
                "cloud",
                "dynamodb",
                "ec2",
                "glacier",
                "s3",
                "sdk"
            ],
            "time": "2015-01-16 01:44:42"
        },
        {
            "name": "barracuda/copy",
            "version": "1.1.4",
            "source": {
                "type": "git",
                "url": "https://github.com/copy-app/php-client-library.git",
                "reference": "acc282196bde4da955dc1c6834181721a2e48f93"
            },
            "dist": {
                "type": "zip",
                "url": "https://api.github.com/repos/copy-app/php-client-library/zipball/acc282196bde4da955dc1c6834181721a2e48f93",
                "reference": "acc282196bde4da955dc1c6834181721a2e48f93",
                "shasum": ""
            },
            "require": {
                "eher/oauth": "1.0.*",
                "ext-curl": "*",
                "ext-json": "*",
                "php": ">=5.3.0"
            },
            "require-dev": {
                "phpunit/phpunit": "~4.2"
            },
            "type": "library",
            "autoload": {
                "psr-4": {
                    "Barracuda\\Copy\\": "src/"
                }
            },
            "notification-url": "https://packagist.org/downloads/",
            "license": [
                "MIT"
            ],
            "description": "Copy PHP library",
            "homepage": "https://github.com/copy-app/php-client-library",
            "keywords": [
                "copy"
            ],
            "time": "2014-08-29 23:05:51"
        },
        {
            "name": "dropbox/dropbox-sdk",
            "version": "v1.1.4",
            "source": {
                "type": "git",
                "url": "https://github.com/dropbox/dropbox-sdk-php.git",
                "reference": "73e5add2f6d5d0355fa04e758f895e10c08d240a"
            },
            "dist": {
                "type": "zip",
                "url": "https://api.github.com/repos/dropbox/dropbox-sdk-php/zipball/73e5add2f6d5d0355fa04e758f895e10c08d240a",
                "reference": "73e5add2f6d5d0355fa04e758f895e10c08d240a",
                "shasum": ""
            },
            "require": {
                "ext-curl": "*",
                "php": ">= 5.3"
            },
            "require-dev": {
                "apigen/apigen": "2.8.2",
                "phpunit/phpunit": "~4.0",
                "squizlabs/php_codesniffer": "2.0.0RC3"
            },
            "type": "library",
            "autoload": {
                "psr-0": {
                    "Dropbox": "lib/"
                }
            },
            "notification-url": "https://packagist.org/downloads/",
            "license": [
                "MIT"
            ],
            "description": "Dropbox SDK for PHP",
            "keywords": [
                "dropbox"
            ],
            "time": "2014-10-21 21:09:01"
        },
        {
            "name": "eher/oauth",
            "version": "1.0.7",
            "source": {
                "type": "git",
                "url": "https://github.com/EHER/OAuth.git",
                "reference": "935c1f7709d1c1457de9e250d0e5f29cac06e507"
            },
            "dist": {
                "type": "zip",
                "url": "https://api.github.com/repos/EHER/OAuth/zipball/935c1f7709d1c1457de9e250d0e5f29cac06e507",
                "reference": "935c1f7709d1c1457de9e250d0e5f29cac06e507",
                "shasum": ""
            },
            "require": {
                "php": ">=5.3.0"
            },
            "require-dev": {
                "eher/phpunit": "1.6"
            },
            "type": "library",
            "autoload": {
                "psr-0": {
                    "Eher\\OAuth": "src"
                }
            },
            "notification-url": "https://packagist.org/downloads/",
            "license": [
                "BSD-3-Clause"
            ],
            "description": "OAuth 1 PHP Library",
            "time": "2012-12-13 23:48:10"
        },
        {
            "name": "guzzle/guzzle",
            "version": "v3.9.2",
            "source": {
                "type": "git",
                "url": "https://github.com/guzzle/guzzle3.git",
                "reference": "54991459675c1a2924122afbb0e5609ade581155"
            },
            "dist": {
                "type": "zip",
                "url": "https://api.github.com/repos/guzzle/guzzle3/zipball/54991459675c1a2924122afbb0e5609ade581155",
                "reference": "54991459675c1a2924122afbb0e5609ade581155",
                "shasum": ""
            },
            "require": {
                "ext-curl": "*",
                "php": ">=5.3.3",
                "symfony/event-dispatcher": "~2.1"
            },
            "replace": {
                "guzzle/batch": "self.version",
                "guzzle/cache": "self.version",
                "guzzle/common": "self.version",
                "guzzle/http": "self.version",
                "guzzle/inflection": "self.version",
                "guzzle/iterator": "self.version",
                "guzzle/log": "self.version",
                "guzzle/parser": "self.version",
                "guzzle/plugin": "self.version",
                "guzzle/plugin-async": "self.version",
                "guzzle/plugin-backoff": "self.version",
                "guzzle/plugin-cache": "self.version",
                "guzzle/plugin-cookie": "self.version",
                "guzzle/plugin-curlauth": "self.version",
                "guzzle/plugin-error-response": "self.version",
                "guzzle/plugin-history": "self.version",
                "guzzle/plugin-log": "self.version",
                "guzzle/plugin-md5": "self.version",
                "guzzle/plugin-mock": "self.version",
                "guzzle/plugin-oauth": "self.version",
                "guzzle/service": "self.version",
                "guzzle/stream": "self.version"
            },
            "require-dev": {
                "doctrine/cache": "~1.3",
                "monolog/monolog": "~1.0",
                "phpunit/phpunit": "3.7.*",
                "psr/log": "~1.0",
                "symfony/class-loader": "~2.1",
                "zendframework/zend-cache": "2.*,<2.3",
                "zendframework/zend-log": "2.*,<2.3"
            },
            "type": "library",
            "extra": {
                "branch-alias": {
                    "dev-master": "3.9-dev"
                }
            },
            "autoload": {
                "psr-0": {
                    "Guzzle": "src/",
                    "Guzzle\\Tests": "tests/"
                }
            },
            "notification-url": "https://packagist.org/downloads/",
            "license": [
                "MIT"
            ],
            "authors": [
                {
                    "name": "Michael Dowling",
                    "email": "mtdowling@gmail.com",
                    "homepage": "https://github.com/mtdowling"
                },
                {
                    "name": "Guzzle Community",
                    "homepage": "https://github.com/guzzle/guzzle/contributors"
                }
            ],
            "description": "Guzzle is a PHP HTTP client library and framework for building RESTful web service clients",
            "homepage": "http://guzzlephp.org/",
            "keywords": [
                "client",
                "curl",
                "framework",
                "http",
                "http client",
                "rest",
                "web service"
            ],
            "time": "2014-08-11 04:32:36"
        },
        {
            "name": "rackspace/php-opencloud",
            "version": "v1.10.0",
            "source": {
                "type": "git",
                "url": "https://github.com/rackspace/php-opencloud.git",
                "reference": "1c607ee3f49e99313a00b6bf416daf0eab2b219c"
            },
            "dist": {
                "type": "zip",
                "url": "https://api.github.com/repos/rackspace/php-opencloud/zipball/1c607ee3f49e99313a00b6bf416daf0eab2b219c",
                "reference": "1c607ee3f49e99313a00b6bf416daf0eab2b219c",
                "shasum": ""
            },
            "require": {
                "guzzle/http": "~3.8",
                "php": ">=5.3.3"
            },
            "require-dev": {
                "guzzle/guzzle": "~3.8",
                "psr/log": "~1.0",
                "satooshi/php-coveralls": "0.6.*@dev"
            },
            "type": "library",
            "autoload": {
                "psr-0": {
                    "OpenCloud": [
                        "lib/",
                        "tests/"
                    ]
                }
            },
            "notification-url": "https://packagist.org/downloads/",
            "license": [
                "MIT"
            ],
            "authors": [
                {
                    "name": "Glen Campbell",
                    "email": "glen.campbell@rackspace.com"
                },
                {
                    "name": "Jamie Hannaford",
                    "email": "jamie.hannaford@rackspace.com",
                    "homepage": "https://github.com/jamiehannaford"
                }
            ],
            "description": "PHP SDK for Rackspace/OpenStack APIs",
            "keywords": [
                "Openstack",
                "nova",
                "opencloud",
                "rackspace",
                "swift"
            ],
            "time": "2014-06-16 13:24:08"
        },
        {
            "name": "sabre/dav",
            "version": "2.0.6",
            "source": {
                "type": "git",
                "url": "https://github.com/fruux/sabre-dav.git",
                "reference": "b56d4fb8ff577ad551c6d18b9325912c121487f5"
            },
            "dist": {
                "type": "zip",
                "url": "https://api.github.com/repos/fruux/sabre-dav/zipball/b56d4fb8ff577ad551c6d18b9325912c121487f5",
                "reference": "b56d4fb8ff577ad551c6d18b9325912c121487f5",
                "shasum": ""
            },
            "require": {
                "ext-ctype": "*",
                "ext-date": "*",
                "ext-dom": "*",
                "ext-iconv": "*",
                "ext-libxml": "*",
                "ext-mbstring": "*",
                "ext-pcre": "*",
                "ext-simplexml": "*",
                "ext-spl": "*",
                "php": ">=5.4.1",
                "sabre/event": "~1.0.0",
                "sabre/http": "~2.0.2",
                "sabre/vobject": "~3.3.0"
            },
            "require-dev": {
                "evert/phpdoc-md": "~0.0.7",
                "phpunit/phpunit": "~4.2"
            },
            "suggest": {
                "ext-curl": "*",
                "ext-pdo": "*"
            },
            "bin": [
                "bin/sabredav",
                "bin/naturalselection"
            ],
            "type": "library",
            "autoload": {
                "psr-4": {
                    "Sabre\\DAV\\": "lib/DAV/",
                    "Sabre\\DAVACL\\": "lib/DAVACL/",
                    "Sabre\\CalDAV\\": "lib/CalDAV/",
                    "Sabre\\CardDAV\\": "lib/CardDAV/"
                }
            },
            "notification-url": "https://packagist.org/downloads/",
            "license": [
                "BSD-3-Clause"
            ],
            "authors": [
                {
                    "name": "Evert Pot",
                    "email": "me@evertpot.com",
                    "homepage": "http://evertpot.com/",
                    "role": "Developer"
                }
            ],
            "description": "WebDAV Framework for PHP",
            "homepage": "http://code.google.com/p/sabredav/",
            "keywords": [
                "CalDAV",
                "CardDAV",
                "WebDAV",
                "framework",
                "iCalendar"
            ],
            "time": "2014-12-10 21:11:20"
        },
        {
            "name": "sabre/event",
            "version": "1.0.1",
            "source": {
                "type": "git",
                "url": "https://github.com/fruux/sabre-event.git",
                "reference": "5ee3adf5441c2fe53b8ceacff6db81e621ee884c"
            },
            "dist": {
                "type": "zip",
                "url": "https://api.github.com/repos/fruux/sabre-event/zipball/5ee3adf5441c2fe53b8ceacff6db81e621ee884c",
                "reference": "5ee3adf5441c2fe53b8ceacff6db81e621ee884c",
                "shasum": ""
            },
            "require": {
                "php": ">=5.4.1"
            },
            "type": "library",
            "autoload": {
                "psr-0": {
                    "Sabre\\Event": "lib/"
                }
            },
            "notification-url": "https://packagist.org/downloads/",
            "license": [
                "BSD-3-Clause"
            ],
            "authors": [
                {
                    "name": "Evert Pot",
                    "email": "evert@rooftopsolutions.nl",
                    "homepage": "http://www.rooftopsolutions.nl/",
                    "role": "Developer"
                }
            ],
            "description": "The sabre/event library provides utilities for lightweight event-based programming",
            "homepage": "http://sabre.io/event",
            "keywords": [
                "EventEmitter",
                "events"
            ],
            "time": "2014-06-12 16:34:49"
        },
        {
            "name": "sabre/http",
            "version": "2.0.4",
            "source": {
                "type": "git",
                "url": "https://github.com/fruux/sabre-http.git",
                "reference": "c4c24f547a5509c6c661b11ecf4ff524d2bf6a44"
            },
            "dist": {
                "type": "zip",
                "url": "https://api.github.com/repos/fruux/sabre-http/zipball/c4c24f547a5509c6c661b11ecf4ff524d2bf6a44",
                "reference": "c4c24f547a5509c6c661b11ecf4ff524d2bf6a44",
                "shasum": ""
            },
            "require": {
                "ext-mbstring": "*",
                "php": ">=5.4",
                "sabre/event": ">=1.0.0,<3.0.0"
            },
            "require-dev": {
                "phpunit/phpunit": "*",
                "squizlabs/php_codesniffer": "~1.5.3"
            },
            "suggest": {
                "ext-curl": " to make http requests with the Client class"
            },
            "type": "library",
            "autoload": {
                "psr-0": {
                    "Sabre\\HTTP": "lib/"
                }
            },
            "notification-url": "https://packagist.org/downloads/",
            "license": [
                "BSD-3-Clause"
            ],
            "authors": [
                {
                    "name": "Evert Pot",
                    "email": "evert@rooftopsolutions.nl",
                    "homepage": "http://www.rooftopsolutions.nl/",
                    "role": "Developer"
                }
            ],
            "description": "The sabre/http library provides utilities for dealing with http requests and responses. ",
            "homepage": "https://github.com/fruux/sabre-http",
            "keywords": [
                "http"
            ],
            "time": "2014-07-14 18:13:13"
        },
        {
            "name": "sabre/vobject",
            "version": "3.3.5",
            "source": {
                "type": "git",
                "url": "https://github.com/fruux/sabre-vobject.git",
                "reference": "77cb636a5bde4c19d7522c2c548b258859ddd1ef"
            },
            "dist": {
                "type": "zip",
                "url": "https://api.github.com/repos/fruux/sabre-vobject/zipball/77cb636a5bde4c19d7522c2c548b258859ddd1ef",
                "reference": "77cb636a5bde4c19d7522c2c548b258859ddd1ef",
                "shasum": ""
            },
            "require": {
                "ext-mbstring": "*",
                "php": ">=5.3.1"
            },
            "require-dev": {
                "phpunit/phpunit": "*",
                "squizlabs/php_codesniffer": "*"
            },
            "bin": [
                "bin/vobject",
                "bin/generate_vcards"
            ],
            "type": "library",
            "extra": {
                "branch-alias": {
                    "dev-master": "3.2.x-dev"
                }
            },
            "autoload": {
                "psr-4": {
                    "Sabre\\VObject\\": "lib/"
                }
            },
            "notification-url": "https://packagist.org/downloads/",
            "license": [
                "BSD-3-Clause"
            ],
            "authors": [
                {
                    "name": "Evert Pot",
                    "email": "me@evertpot.com",
                    "homepage": "http://evertpot.com/",
                    "role": "Developer"
                },
                {
                    "name": "Dominik Tobschall",
                    "email": "dominik@fruux.com",
                    "homepage": "http://tobschall.de/",
                    "role": "Developer"
                }
            ],
            "description": "The VObject library for PHP allows you to easily parse and manipulate iCalendar and vCard objects",
            "homepage": "http://sabre.io/vobject/",
            "keywords": [
                "VObject",
                "iCalendar",
                "jCal",
                "jCard",
                "vCard"
            ],
            "time": "2015-01-10 00:54:52"
        },
        {
            "name": "symfony/event-dispatcher",
            "version": "v2.6.3",
            "target-dir": "Symfony/Component/EventDispatcher",
            "source": {
                "type": "git",
                "url": "https://github.com/symfony/EventDispatcher.git",
                "reference": "40ff70cadea3785d83cac1c8309514b36113064e"
            },
            "dist": {
                "type": "zip",
                "url": "https://api.github.com/repos/symfony/EventDispatcher/zipball/40ff70cadea3785d83cac1c8309514b36113064e",
                "reference": "40ff70cadea3785d83cac1c8309514b36113064e",
                "shasum": ""
            },
            "require": {
                "php": ">=5.3.3"
            },
            "require-dev": {
                "psr/log": "~1.0",
                "symfony/config": "~2.0,>=2.0.5",
                "symfony/dependency-injection": "~2.6",
                "symfony/expression-language": "~2.6",
                "symfony/stopwatch": "~2.3"
            },
            "suggest": {
                "symfony/dependency-injection": "",
                "symfony/http-kernel": ""
            },
            "type": "library",
            "extra": {
                "branch-alias": {
                    "dev-master": "2.6-dev"
                }
            },
            "autoload": {
                "psr-0": {
                    "Symfony\\Component\\EventDispatcher\\": ""
                }
            },
            "notification-url": "https://packagist.org/downloads/",
            "license": [
                "MIT"
            ],
            "authors": [
                {
                    "name": "Symfony Community",
                    "homepage": "http://symfony.com/contributors"
                },
                {
                    "name": "Fabien Potencier",
                    "email": "fabien@symfony.com"
                }
            ],
            "description": "Symfony EventDispatcher Component",
            "homepage": "http://symfony.com",
            "time": "2015-01-05 14:28:40"
        }
    ],
    "aliases": [],
    "minimum-stability": "stable",
    "stability-flags": [],
    "prefer-stable": false,
    "prefer-lowest": false,
    "platform": [],
    "platform-dev": []
}
